
Microsoft Visual Studio Solution File, Format Version 12.00
# Visual Studio Version 16
VisualStudioVersion = 16.0.30114.105
MinimumVisualStudioVersion = 10.0.40219.1
Project("{FAE04EC0-301F-11D3-BF4B-00C04F79EFBC}") = "API", "API\API.csproj", "{DE89C8C5-E3E5-4C2F-82A6-740133593B14}"
EndProject
Project("{FAE04EC0-301F-11D3-BF4B-00C04F79EFBC}") = "Core", "Core\Core.csproj", "{6699A507-6131-4B17-8705-E758F8E6D2D2}"
EndProject
Project("{FAE04EC0-301F-11D3-BF4B-00C04F79EFBC}") = "Infrastructure", "Infrastructure\Infrastructure.csproj", "{AE93441C-D152-4E66-A73B-FDC959C392B1}"
EndProject
Project("{FAE04EC0-301F-11D3-BF4B-00C04F79EFBC}") = "Domains", "Domains\Domains.csproj", "{C18A86E4-8380-4477-9A9D-5A189F0C13EC}"
EndProject
Global
	GlobalSection(SolutionConfigurationPlatforms) = preSolution
		Debug|Any CPU = Debug|Any CPU
		Debug|x64 = Debug|x64
		Debug|x86 = Debug|x86
		Release|Any CPU = Release|Any CPU
		Release|x64 = Release|x64
		Release|x86 = Release|x86
	EndGlobalSection
	GlobalSection(SolutionProperties) = preSolution
		HideSolutionNode = FALSE
	EndGlobalSection
	GlobalSection(ProjectConfigurationPlatforms) = postSolution
		{DE89C8C5-E3E5-4C2F-82A6-740133593B14}.Debug|Any CPU.ActiveCfg = Debug|Any CPU
		{DE89C8C5-E3E5-4C2F-82A6-740133593B14}.Debug|Any CPU.Build.0 = Debug|Any CPU
		{DE89C8C5-E3E5-4C2F-82A6-740133593B14}.Debug|x64.ActiveCfg = Debug|Any CPU
		{DE89C8C5-E3E5-4C2F-82A6-740133593B14}.Debug|x64.Build.0 = Debug|Any CPU
		{DE89C8C5-E3E5-4C2F-82A6-740133593B14}.Debug|x86.ActiveCfg = Debug|Any CPU
		{DE89C8C5-E3E5-4C2F-82A6-740133593B14}.Debug|x86.Build.0 = Debug|Any CPU
		{DE89C8C5-E3E5-4C2F-82A6-740133593B14}.Release|Any CPU.ActiveCfg = Release|Any CPU
		{DE89C8C5-E3E5-4C2F-82A6-740133593B14}.Release|Any CPU.Build.0 = Release|Any CPU
		{DE89C8C5-E3E5-4C2F-82A6-740133593B14}.Release|x64.ActiveCfg = Release|Any CPU
		{DE89C8C5-E3E5-4C2F-82A6-740133593B14}.Release|x64.Build.0 = Release|Any CPU
		{DE89C8C5-E3E5-4C2F-82A6-740133593B14}.Release|x86.ActiveCfg = Release|Any CPU
		{DE89C8C5-E3E5-4C2F-82A6-740133593B14}.Release|x86.Build.0 = Release|Any CPU
		{6699A507-6131-4B17-8705-E758F8E6D2D2}.Debug|Any CPU.ActiveCfg = Debug|Any CPU
		{6699A507-6131-4B17-8705-E758F8E6D2D2}.Debug|Any CPU.Build.0 = Debug|Any CPU
		{6699A507-6131-4B17-8705-E758F8E6D2D2}.Debug|x64.ActiveCfg = Debug|Any CPU
		{6699A507-6131-4B17-8705-E758F8E6D2D2}.Debug|x64.Build.0 = Debug|Any CPU
		{6699A507-6131-4B17-8705-E758F8E6D2D2}.Debug|x86.ActiveCfg = Debug|Any CPU
		{6699A507-6131-4B17-8705-E758F8E6D2D2}.Debug|x86.Build.0 = Debug|Any CPU
		{6699A507-6131-4B17-8705-E758F8E6D2D2}.Release|Any CPU.ActiveCfg = Release|Any CPU
		{6699A507-6131-4B17-8705-E758F8E6D2D2}.Release|Any CPU.Build.0 = Release|Any CPU
		{6699A507-6131-4B17-8705-E758F8E6D2D2}.Release|x64.ActiveCfg = Release|Any CPU
		{6699A507-6131-4B17-8705-E758F8E6D2D2}.Release|x64.Build.0 = Release|Any CPU
		{6699A507-6131-4B17-8705-E758F8E6D2D2}.Release|x86.ActiveCfg = Release|Any CPU
		{6699A507-6131-4B17-8705-E758F8E6D2D2}.Release|x86.Build.0 = Release|Any CPU
		{AE93441C-D152-4E66-A73B-FDC959C392B1}.Debug|Any CPU.ActiveCfg = Debug|Any CPU
		{AE93441C-D152-4E66-A73B-FDC959C392B1}.Debug|Any CPU.Build.0 = Debug|Any CPU
		{AE93441C-D152-4E66-A73B-FDC959C392B1}.Debug|x64.ActiveCfg = Debug|Any CPU
		{AE93441C-D152-4E66-A73B-FDC959C392B1}.Debug|x64.Build.0 = Debug|Any CPU
		{AE93441C-D152-4E66-A73B-FDC959C392B1}.Debug|x86.ActiveCfg = Debug|Any CPU
		{AE93441C-D152-4E66-A73B-FDC959C392B1}.Debug|x86.Build.0 = Debug|Any CPU
		{AE93441C-D152-4E66-A73B-FDC959C392B1}.Release|Any CPU.ActiveCfg = Release|Any CPU
		{AE93441C-D152-4E66-A73B-FDC959C392B1}.Release|Any CPU.Build.0 = Release|Any CPU
		{AE93441C-D152-4E66-A73B-FDC959C392B1}.Release|x64.ActiveCfg = Release|Any CPU
		{AE93441C-D152-4E66-A73B-FDC959C392B1}.Release|x64.Build.0 = Release|Any CPU
		{AE93441C-D152-4E66-A73B-FDC959C392B1}.Release|x86.ActiveCfg = Release|Any CPU
		{AE93441C-D152-4E66-A73B-FDC959C392B1}.Release|x86.Build.0 = Release|Any CPU
		{C18A86E4-8380-4477-9A9D-5A189F0C13EC}.Debug|Any CPU.ActiveCfg = Debug|Any CPU
		{C18A86E4-8380-4477-9A9D-5A189F0C13EC}.Debug|Any CPU.Build.0 = Debug|Any CPU
		{C18A86E4-8380-4477-9A9D-5A189F0C13EC}.Debug|x64.ActiveCfg = Debug|Any CPU
		{C18A86E4-8380-4477-9A9D-5A189F0C13EC}.Debug|x64.Build.0 = Debug|Any CPU
		{C18A86E4-8380-4477-9A9D-5A189F0C13EC}.Debug|x86.ActiveCfg = Debug|Any CPU
		{C18A86E4-8380-4477-9A9D-5A189F0C13EC}.Debug|x86.Build.0 = Debug|Any CPU
		{C18A86E4-8380-4477-9A9D-5A189F0C13EC}.Release|Any CPU.ActiveCfg = Release|Any CPU
		{C18A86E4-8380-4477-9A9D-5A189F0C13EC}.Release|Any CPU.Build.0 = Release|Any CPU
		{C18A86E4-8380-4477-9A9D-5A189F0C13EC}.Release|x64.ActiveCfg = Release|Any CPU
		{C18A86E4-8380-4477-9A9D-5A189F0C13EC}.Release|x64.Build.0 = Release|Any CPU
		{C18A86E4-8380-4477-9A9D-5A189F0C13EC}.Release|x86.ActiveCfg = Release|Any CPU
		{C18A86E4-8380-4477-9A9D-5A189F0C13EC}.Release|x86.Build.0 = Release|Any CPU
	EndGlobalSection
EndGlobal
